
Microsoft Visual Studio Solution File, Format Version 12.00
# Visual Studio Version 17
VisualStudioVersion = 17.0.31903.59
MinimumVisualStudioVersion = 10.0.40219.1
Project("{9A19103F-16F7-4668-BE54-9A1E7A4F7556}") = "OzelDersler.Business", "OzelDersler.Business\OzelDersler.Business.csproj", "{9C67C1D9-EF6D-428A-9538-9793CE06A9A5}"
EndProject
Project("{9A19103F-16F7-4668-BE54-9A1E7A4F7556}") = "OzelDersler.Data", "OzelDersler.Data\OzelDersler.Data.csproj", "{D776750C-AA6D-4E68-9730-AA099D523642}"
EndProject
Project("{9A19103F-16F7-4668-BE54-9A1E7A4F7556}") = "OzelDersler.Entity", "OzelDersler.Entity\OzelDersler.Entity.csproj", "{9E9CC451-D902-4DC9-B078-93F2812DA7EF}"
EndProject
Project("{9A19103F-16F7-4668-BE54-9A1E7A4F7556}") = "OzelDersler.Web", "OzelDersler.Web\OzelDersler.Web.csproj", "{5206D623-DB94-4581-8EA9-2175B566A225}"
EndProject
Project("{FAE04EC0-301F-11D3-BF4B-00C04F79EFBC}") = "OzelDersler.Core", "OzelDersler.Core\OzelDersler.Core.csproj", "{B963E09F-ADF5-4267-BADD-21724C269278}"
EndProject
Global
	GlobalSection(SolutionConfigurationPlatforms) = preSolution
		Debug|Any CPU = Debug|Any CPU
		Release|Any CPU = Release|Any CPU
	EndGlobalSection
	GlobalSection(ProjectConfigurationPlatforms) = postSolution
		{9C67C1D9-EF6D-428A-9538-9793CE06A9A5}.Debug|Any CPU.ActiveCfg = Debug|Any CPU
		{9C67C1D9-EF6D-428A-9538-9793CE06A9A5}.Debug|Any CPU.Build.0 = Debug|Any CPU
		{9C67C1D9-EF6D-428A-9538-9793CE06A9A5}.Release|Any CPU.ActiveCfg = Release|Any CPU
		{9C67C1D9-EF6D-428A-9538-9793CE06A9A5}.Release|Any CPU.Build.0 = Release|Any CPU
		{D776750C-AA6D-4E68-9730-AA099D523642}.Debug|Any CPU.ActiveCfg = Debug|Any CPU
		{D776750C-AA6D-4E68-9730-AA099D523642}.Debug|Any CPU.Build.0 = Debug|Any CPU
		{D776750C-AA6D-4E68-9730-AA099D523642}.Release|Any CPU.ActiveCfg = Release|Any CPU
		{D776750C-AA6D-4E68-9730-AA099D523642}.Release|Any CPU.Build.0 = Release|Any CPU
		{9E9CC451-D902-4DC9-B078-93F2812DA7EF}.Debug|Any CPU.ActiveCfg = Debug|Any CPU
		{9E9CC451-D902-4DC9-B078-93F2812DA7EF}.Debug|Any CPU.Build.0 = Debug|Any CPU
		{9E9CC451-D902-4DC9-B078-93F2812DA7EF}.Release|Any CPU.ActiveCfg = Release|Any CPU
		{9E9CC451-D902-4DC9-B078-93F2812DA7EF}.Release|Any CPU.Build.0 = Release|Any CPU
		{5206D623-DB94-4581-8EA9-2175B566A225}.Debug|Any CPU.ActiveCfg = Debug|Any CPU
		{5206D623-DB94-4581-8EA9-2175B566A225}.Debug|Any CPU.Build.0 = Debug|Any CPU
		{5206D623-DB94-4581-8EA9-2175B566A225}.Release|Any CPU.ActiveCfg = Release|Any CPU
		{5206D623-DB94-4581-8EA9-2175B566A225}.Release|Any CPU.Build.0 = Release|Any CPU
		{B963E09F-ADF5-4267-BADD-21724C269278}.Debug|Any CPU.ActiveCfg = Debug|Any CPU
		{B963E09F-ADF5-4267-BADD-21724C269278}.Debug|Any CPU.Build.0 = Debug|Any CPU
		{B963E09F-ADF5-4267-BADD-21724C269278}.Release|Any CPU.ActiveCfg = Release|Any CPU
		{B963E09F-ADF5-4267-BADD-21724C269278}.Release|Any CPU.Build.0 = Release|Any CPU
	EndGlobalSection
	GlobalSection(SolutionProperties) = preSolution
		HideSolutionNode = FALSE
	EndGlobalSection
	GlobalSection(ExtensibilityGlobals) = postSolution
		SolutionGuid = {2062A5E9-0BEB-4E06-ACB2-A4635DB49183}
	EndGlobalSection
EndGlobal
